{
  "lockfileVersion": 1,
  "configVersion": 1,
  "workspaces": {
    "": {
      "dependencies": {
        "@opencode-ai/plugin": "1.3.2",
      },
    },
  },
  "packages": {
    "@opencode-ai/plugin": ["@opencode-ai/plugin@1.3.2", "", { "dependencies": { "@opencode-ai/sdk": "1.3.2", "zod": "4.1.8" } }, "sha512-eT0ZovMCOQlfTdAnfbEWgW343mJ9SHgEVfdiOSX1NMIVXac6hxE2xwUsRVTV3wLvfA6dKZhN800f8wLUEyPlyg=="],

    "@opencode-ai/sdk": ["@opencode-ai/sdk@1.3.2", "", {}, "sha512-u7sXVKn0kyAA5vVVHuHQfq3+3UGWOU1Sh6d/e+aS4zO8AwriTSWNQ9r8Qy5yxBH+PoeOGl5WIVdp+s2Ea2zuAg=="],

    "zod": ["zod@4.1.8", "", {}, "sha512-5R1P+WwQqmmMIEACyzSvo4JXHY5WiAFHRMg+zBZKgKS+Q1viRa0C1hmUKtHltoIFKtIdki3pRxkmpP74jnNYHQ=="],
  }
}
